
Microsoft Visual Studio Solution File, Format Version 12.00
# Visual Studio 15
VisualStudioVersion = 15.0.27428.2037
MinimumVisualStudioVersion = 10.0.40219.1
Project("{FAE04EC0-301F-11D3-BF4B-00C04F79EFBC}") = "ConsoleApp2", "ConsoleApp2\ConsoleApp2.csproj", "{49079460-BD37-43FB-8A5C-E983AA3D9ADE}"
EndProject
Global
	GlobalSection(SolutionConfigurationPlatforms) = preSolution
		Debug|Any CPU = Debug|Any CPU
		Release|Any CPU = Release|Any CPU
	EndGlobalSection
	GlobalSection(ProjectConfigurationPlatforms) = postSolution
		{49079460-BD37-43FB-8A5C-E983AA3D9ADE}.Debug|Any CPU.ActiveCfg = Debug|Any CPU
		{49079460-BD37-43FB-8A5C-E983AA3D9ADE}.Debug|Any CPU.Build.0 = Debug|Any CPU
		{49079460-BD37-43FB-8A5C-E983AA3D9ADE}.Release|Any CPU.ActiveCfg = Release|Any CPU
		{49079460-BD37-43FB-8A5C-E983AA3D9ADE}.Release|Any CPU.Build.0 = Release|Any CPU
	EndGlobalSection
	GlobalSection(SolutionProperties) = preSolution
		HideSolutionNode = FALSE
	EndGlobalSection
	GlobalSection(ExtensibilityGlobals) = postSolution
		SolutionGuid = {639A97F4-C89E-4469-A952-43AAF05273AB}
	EndGlobalSection
EndGlobal
